
Microsoft Visual Studio Solution File, Format Version 12.00
# Visual Studio Version 17
VisualStudioVersion = 17.8.34330.188
MinimumVisualStudioVersion = 10.0.40219.1
Project("{FAE04EC0-301F-11D3-BF4B-00C04F79EFBC}") = "Phase1Section4.23", "Phase1Section4.23\Phase1Section4.23.csproj", "{6DE060E5-193D-41D5-898C-0DA342B6A681}"
EndProject
Global
	GlobalSection(SolutionConfigurationPlatforms) = preSolution
		Debug|Any CPU = Debug|Any CPU
		Release|Any CPU = Release|Any CPU
	EndGlobalSection
	GlobalSection(ProjectConfigurationPlatforms) = postSolution
		{6DE060E5-193D-41D5-898C-0DA342B6A681}.Debug|Any CPU.ActiveCfg = Debug|Any CPU
		{6DE060E5-193D-41D5-898C-0DA342B6A681}.Debug|Any CPU.Build.0 = Debug|Any CPU
		{6DE060E5-193D-41D5-898C-0DA342B6A681}.Release|Any CPU.ActiveCfg = Release|Any CPU
		{6DE060E5-193D-41D5-898C-0DA342B6A681}.Release|Any CPU.Build.0 = Release|Any CPU
	EndGlobalSection
	GlobalSection(SolutionProperties) = preSolution
		HideSolutionNode = FALSE
	EndGlobalSection
	GlobalSection(ExtensibilityGlobals) = postSolution
		SolutionGuid = {3CB4D10A-3541-4AC7-98F8-4502E8A5D740}
	EndGlobalSection
EndGlobal
