
Microsoft Visual Studio Solution File, Format Version 12.00
# Visual Studio Version 17
VisualStudioVersion = 17.8.34330.188
MinimumVisualStudioVersion = 10.0.40219.1
Project("{FAE04EC0-301F-11D3-BF4B-00C04F79EFBC}") = "Phase1Section1.32", "Phase1Section1.32\Phase1Section1.32.csproj", "{14BD517F-51CE-4FB5-BEF1-3ABC093867EF}"
EndProject
Global
	GlobalSection(SolutionConfigurationPlatforms) = preSolution
		Debug|Any CPU = Debug|Any CPU
		Release|Any CPU = Release|Any CPU
	EndGlobalSection
	GlobalSection(ProjectConfigurationPlatforms) = postSolution
		{14BD517F-51CE-4FB5-BEF1-3ABC093867EF}.Debug|Any CPU.ActiveCfg = Debug|Any CPU
		{14BD517F-51CE-4FB5-BEF1-3ABC093867EF}.Debug|Any CPU.Build.0 = Debug|Any CPU
		{14BD517F-51CE-4FB5-BEF1-3ABC093867EF}.Release|Any CPU.ActiveCfg = Release|Any CPU
		{14BD517F-51CE-4FB5-BEF1-3ABC093867EF}.Release|Any CPU.Build.0 = Release|Any CPU
	EndGlobalSection
	GlobalSection(SolutionProperties) = preSolution
		HideSolutionNode = FALSE
	EndGlobalSection
	GlobalSection(ExtensibilityGlobals) = postSolution
		SolutionGuid = {4817AF3C-57B7-4B26-99DB-6523DAC6236E}
	EndGlobalSection
EndGlobal
